schema: '2.0'
stages:
  data_ingestion:
    cmd: python src/data_ingestion.py
    deps:
    - path: src/data_ingestion.py
      hash: md5
      md5: e570eb6d90639b8c264406401d752e1b
      size: 3216
    outs:
    - path: data/raw/test.csv
      hash: md5
      md5: 2602c57fc1ebd59f0255ee1209125c4d
      size: 61044
    - path: data/raw/train.csv
      hash: md5
      md5: be434498483cb7e887ba116d1c923505
      size: 244009
  data_preprocessing:
    cmd: python src/data_preprocessing.py
    deps:
    - path: data/raw/test.csv
      hash: md5
      md5: 2602c57fc1ebd59f0255ee1209125c4d
      size: 61044
    - path: data/raw/train.csv
      hash: md5
      md5: be434498483cb7e887ba116d1c923505
      size: 244009
    - path: src/data_preprocessing.py
      hash: md5
      md5: 0f0de2cdaae1145271ae9bf652f307f7
      size: 2778
    outs:
    - path: data/interim/test_processed.csv
      hash: md5
      md5: 45bf50d8fa3755e4d8c0834cb43d23d5
      size: 61044
    - path: data/interim/train_processed.csv
      hash: md5
      md5: 47ed3093022315dc8b90cc7971411758
      size: 244009
  model_building:
    cmd: python src/model_building.py
    deps:
    - path: data/interim/train_processed.csv
      hash: md5
      md5: 47ed3093022315dc8b90cc7971411758
      size: 244009
    - path: src/model_building.py
      hash: md5
      md5: 572092070510fdb3731fffa19218f3da
      size: 3562
    outs:
    - path: model/model.pkl
      hash: md5
      md5: a0255c8ffd0b9fef36013e2ba674014e
      size: 514105
  model_evalution:
    cmd: python src/model_evalution.py
    deps:
    - path: data/interim/test_processed.csv
      hash: md5
      md5: 45bf50d8fa3755e4d8c0834cb43d23d5
      size: 61044
    - path: model/model.pkl
      hash: md5
      md5: a0255c8ffd0b9fef36013e2ba674014e
      size: 514105
    - path: src/model_evalution.py
      hash: md5
      md5: e3a6f9105f88241fa54efd72199d322e
      size: 3905
    outs:
    - path: reports/metrics.json
      hash: md5
      md5: df9411b807e98a0eb35969b352a54800
      size: 1017
